// !$*UTF8*$!
{
	archiveVersion = 1;
	classes = {
	};
	objectVersion = 46;
	objects = {

/* Begin PBXBuildFile section */
		841EEDDA1E9513A200F5B529 /* main.m in Sources */ = {isa = PBXBuildFile; fileRef = 841EEDD91E9513A200F5B529 /* main.m */; };
		841EEDDD1E9513A200F5B529 /* AppDelegate.m in Sources */ = {isa = PBXBuildFile; fileRef = 841EEDDC1E9513A200F5B529 /* AppDelegate.m */; };
		841EEDE01E9513A200F5B529 /* STMainScreenController.m in Sources */ = {isa = PBXBuildFile; fileRef = 841EEDDF1E9513A200F5B529 /* STMainScreenController.m */; };
		841EEDE31E9513A200F5B529 /* Main.storyboard in Resources */ = {isa = PBXBuildFile; fileRef = 841EEDE11E9513A200F5B529 /* Main.storyboard */; };
		841EEDE51E9513A200F5B529 /* Assets.xcassets in Resources */ = {isa = PBXBuildFile; fileRef = 841EEDE41E9513A200F5B529 /* Assets.xcassets */; };
		841EEDE81E9513A200F5B529 /* LaunchScreen.storyboard in Resources */ = {isa = PBXBuildFile; fileRef = 841EEDE61E9513A200F5B529 /* LaunchScreen.storyboard */; };
		844798381E9525F700600208 /* STStatistic.m in Sources */ = {isa = PBXBuildFile; fileRef = 844798371E9525F700600208 /* STStatistic.m */; };
		8447983B1E95280100600208 /* STStation.m in Sources */ = {isa = PBXBuildFile; fileRef = 8447983A1E95280100600208 /* STStation.m */; };
		8447983E1E952B4300600208 /* STCity.m in Sources */ = {isa = PBXBuildFile; fileRef = 8447983D1E952B4300600208 /* STCity.m */; };
		844798411E952BB700600208 /* STCityChooserViewController.m in Sources */ = {isa = PBXBuildFile; fileRef = 844798401E952BB700600208 /* STCityChooserViewController.m */; };
		844798451E952D6A00600208 /* STCityChooserDataSource.m in Sources */ = {isa = PBXBuildFile; fileRef = 844798441E952D6A00600208 /* STCityChooserDataSource.m */; };
		848B65F41E9516FC0066904A /* STConnectionManager.m in Sources */ = {isa = PBXBuildFile; fileRef = 848B65F31E9516FC0066904A /* STConnectionManager.m */; };
		EB328CB79EBF18020204793E /* libPods-SmogTracker.a in Frameworks */ = {isa = PBXBuildFile; fileRef = E1235D945E1E84264A764429 /* libPods-SmogTracker.a */; };
/* End PBXBuildFile section */

/* Begin PBXFileReference section */
		6A67C7E3F4F7D4DD4C54D7B4 /* Pods-SmogTracker.release.xcconfig */ = {isa = PBXFileReference; includeInIndex = 1; lastKnownFileType = text.xcconfig; name = "Pods-SmogTracker.release.xcconfig"; path = "Pods/Target Support Files/Pods-SmogTracker/Pods-SmogTracker.release.xcconfig"; sourceTree = "<group>"; };
		841EEDD51E9513A200F5B529 /* SmogTracker.app */ = {isa = PBXFileReference; explicitFileType = wrapper.application; includeInIndex = 0; path = SmogTracker.app; sourceTree = BUILT_PRODUCTS_DIR; };
		841EEDD91E9513A200F5B529 /* main.m */ = {isa = PBXFileReference; lastKnownFileType = sourcecode.c.objc; path = main.m; sourceTree = "<group>"; };
		841EEDDB1E9513A200F5B529 /* AppDelegate.h */ = {isa = PBXFileReference; lastKnownFileType = sourcecode.c.h; path = AppDelegate.h; sourceTree = "<group>"; };
		841EEDDC1E9513A200F5B529 /* AppDelegate.m */ = {isa = PBXFileReference; lastKnownFileType = sourcecode.c.objc; path = AppDelegate.m; sourceTree = "<group>"; };
		841EEDDE1E9513A200F5B529 /* STMainScreenController.h */ = {isa = PBXFileReference; lastKnownFileType = sourcecode.c.h; path = STMainScreenController.h; sourceTree = "<group>"; };
		841EEDDF1E9513A200F5B529 /* STMainScreenController.m */ = {isa = PBXFileReference; lastKnownFileType = sourcecode.c.objc; path = STMainScreenController.m; sourceTree = "<group>"; };
		841EEDE21E9513A200F5B529 /* Base */ = {isa = PBXFileReference; lastKnownFileType = file.storyboard; name = Base; path = Base.lproj/Main.storyboard; sourceTree = "<group>"; };
		841EEDE41E9513A200F5B529 /* Assets.xcassets */ = {isa = PBXFileReference; lastKnownFileType = folder.assetcatalog; path = Assets.xcassets; sourceTree = "<group>"; };
		841EEDE71E9513A200F5B529 /* Base */ = {isa = PBXFileReference; lastKnownFileType = file.storyboard; name = Base; path = Base.lproj/LaunchScreen.storyboard; sourceTree = "<group>"; };
		841EEDE91E9513A200F5B529 /* Info.plist */ = {isa = PBXFileReference; lastKnownFileType = text.plist.xml; path = Info.plist; sourceTree = "<group>"; };
		844798361E9525F700600208 /* STStatistic.h */ = {isa = PBXFileReference; fileEncoding = 4; lastKnownFileType = sourcecode.c.h; name = STStatistic.h; path = Model/STStatistic.h; sourceTree = "<group>"; };
		844798371E9525F700600208 /* STStatistic.m */ = {isa = PBXFileReference; fileEncoding = 4; lastKnownFileType = sourcecode.c.objc; name = STStatistic.m; path = Model/STStatistic.m; sourceTree = "<group>"; };
		844798391E95280100600208 /* STStation.h */ = {isa = PBXFileReference; fileEncoding = 4; lastKnownFileType = sourcecode.c.h; name = STStation.h; path = Model/STStation.h; sourceTree = "<group>"; };
		8447983A1E95280100600208 /* STStation.m */ = {isa = PBXFileReference; fileEncoding = 4; lastKnownFileType = sourcecode.c.objc; name = STStation.m; path = Model/STStation.m; sourceTree = "<group>"; };
		8447983C1E952B4300600208 /* STCity.h */ = {isa = PBXFileReference; fileEncoding = 4; lastKnownFileType = sourcecode.c.h; name = STCity.h; path = Model/STCity.h; sourceTree = "<group>"; };
		8447983D1E952B4300600208 /* STCity.m */ = {isa = PBXFileReference; fileEncoding = 4; lastKnownFileType = sourcecode.c.objc; name = STCity.m; path = Model/STCity.m; sourceTree = "<group>"; };
		8447983F1E952BB700600208 /* STCityChooserViewController.h */ = {isa = PBXFileReference; fileEncoding = 4; lastKnownFileType = sourcecode.c.h; name = STCityChooserViewController.h; path = ViewControllers/STCityChooserViewController.h; sourceTree = "<group>"; };
		844798401E952BB700600208 /* STCityChooserViewController.m */ = {isa = PBXFileReference; fileEncoding = 4; lastKnownFileType = sourcecode.c.objc; name = STCityChooserViewController.m; path = ViewControllers/STCityChooserViewController.m; sourceTree = "<group>"; };
		844798431E952D6A00600208 /* STCityChooserDataSource.h */ = {isa = PBXFileReference; fileEncoding = 4; lastKnownFileType = sourcecode.c.h; name = STCityChooserDataSource.h; path = "Data sources/STCityChooserDataSource.h"; sourceTree = "<group>"; };
		844798441E952D6A00600208 /* STCityChooserDataSource.m */ = {isa = PBXFileReference; fileEncoding = 4; lastKnownFileType = sourcecode.c.objc; name = STCityChooserDataSource.m; path = "Data sources/STCityChooserDataSource.m"; sourceTree = "<group>"; };
		848B65F21E9516FC0066904A /* STConnectionManager.h */ = {isa = PBXFileReference; fileEncoding = 4; lastKnownFileType = sourcecode.c.h; name = STConnectionManager.h; path = Managers/STConnectionManager.h; sourceTree = "<group>"; };
		848B65F31E9516FC0066904A /* STConnectionManager.m */ = {isa = PBXFileReference; fileEncoding = 4; lastKnownFileType = sourcecode.c.objc; name = STConnectionManager.m; path = Managers/STConnectionManager.m; sourceTree = "<group>"; };
		E1235D945E1E84264A764429 /* libPods-SmogTracker.a */ = {isa = PBXFileReference; explicitFileType = archive.ar; includeInIndex = 0; path = "libPods-SmogTracker.a"; sourceTree = BUILT_PRODUCTS_DIR; };
		E231FAB3AC26FE11E26128DE /* Pods-SmogTracker.debug.xcconfig */ = {isa = PBXFileReference; includeInIndex = 1; lastKnownFileType = text.xcconfig; name = "Pods-SmogTracker.debug.xcconfig"; path = "Pods/Target Support Files/Pods-SmogTracker/Pods-SmogTracker.debug.xcconfig"; sourceTree = "<group>"; };
/* End PBXFileReference section */

/* Begin PBXFrameworksBuildPhase section */
		841EEDD21E9513A200F5B529 /* Frameworks */ = {
			isa = PBXFrameworksBuildPhase;
			buildActionMask = 2147483647;
			files = (
				EB328CB79EBF18020204793E /* libPods-SmogTracker.a in Frameworks */,
			);
			runOnlyForDeploymentPostprocessing = 0;
		};
/* End PBXFrameworksBuildPhase section */

/* Begin PBXGroup section */
		0A57CBEEAA09B449B9F21993 /* Pods */ = {
			isa = PBXGroup;
			children = (
				E231FAB3AC26FE11E26128DE /* Pods-SmogTracker.debug.xcconfig */,
				6A67C7E3F4F7D4DD4C54D7B4 /* Pods-SmogTracker.release.xcconfig */,
			);
			name = Pods;
			sourceTree = "<group>";
		};
		3FDE5651A2E5C877B3930FE7 /* Frameworks */ = {
			isa = PBXGroup;
			children = (
				E1235D945E1E84264A764429 /* libPods-SmogTracker.a */,
			);
			name = Frameworks;
			sourceTree = "<group>";
		};
		841EEDCC1E9513A200F5B529 = {
			isa = PBXGroup;
			children = (
				841EEDD71E9513A200F5B529 /* SmogTracker */,
				841EEDD61E9513A200F5B529 /* Products */,
				0A57CBEEAA09B449B9F21993 /* Pods */,
				3FDE5651A2E5C877B3930FE7 /* Frameworks */,
			);
			sourceTree = "<group>";
		};
		841EEDD61E9513A200F5B529 /* Products */ = {
			isa = PBXGroup;
			children = (
				841EEDD51E9513A200F5B529 /* SmogTracker.app */,
			);
			name = Products;
			sourceTree = "<group>";
		};
		841EEDD71E9513A200F5B529 /* SmogTracker */ = {
			isa = PBXGroup;
			children = (
				844798421E952D3400600208 /* Data sources */,
				844798351E95209D00600208 /* Model */,
				848B65F51E95170D0066904A /* ViewControllers */,
				848B65F11E9516D90066904A /* Managers */,
				841EEDDB1E9513A200F5B529 /* AppDelegate.h */,
				841EEDDC1E9513A200F5B529 /* AppDelegate.m */,
				841EEDE11E9513A200F5B529 /* Main.storyboard */,
				841EEDE41E9513A200F5B529 /* Assets.xcassets */,
				841EEDE61E9513A200F5B529 /* LaunchScreen.storyboard */,
				841EEDE91E9513A200F5B529 /* Info.plist */,
				841EEDD81E9513A200F5B529 /* Supporting Files */,
			);
			path = SmogTracker;
			sourceTree = "<group>";
		};
		841EEDD81E9513A200F5B529 /* Supporting Files */ = {
			isa = PBXGroup;
			children = (
				841EEDD91E9513A200F5B529 /* main.m */,
			);
			name = "Supporting Files";
			sourceTree = "<group>";
		};
		844798351E95209D00600208 /* Model */ = {
			isa = PBXGroup;
			children = (
				844798361E9525F700600208 /* STStatistic.h */,
				844798371E9525F700600208 /* STStatistic.m */,
				844798391E95280100600208 /* STStation.h */,
				8447983A1E95280100600208 /* STStation.m */,
				8447983C1E952B4300600208 /* STCity.h */,
				8447983D1E952B4300600208 /* STCity.m */,
			);
			name = Model;
			sourceTree = "<group>";
		};
		844798421E952D3400600208 /* Data sources */ = {
			isa = PBXGroup;
			children = (
				844798431E952D6A00600208 /* STCityChooserDataSource.h */,
				844798441E952D6A00600208 /* STCityChooserDataSource.m */,
			);
			name = "Data sources";
			sourceTree = "<group>";
		};
		848B65F11E9516D90066904A /* Managers */ = {
			isa = PBXGroup;
			children = (
				848B65F21E9516FC0066904A /* STConnectionManager.h */,
				848B65F31E9516FC0066904A /* STConnectionManager.m */,
			);
			name = Managers;
			sourceTree = "<group>";
		};
		848B65F51E95170D0066904A /* ViewControllers */ = {
			isa = PBXGroup;
			children = (
				841EEDDE1E9513A200F5B529 /* STMainScreenController.h */,
				841EEDDF1E9513A200F5B529 /* STMainScreenController.m */,
				8447983F1E952BB700600208 /* STCityChooserViewController.h */,
				844798401E952BB700600208 /* STCityChooserViewController.m */,
			);
			name = ViewControllers;
			sourceTree = "<group>";
		};
/* End PBXGroup section */

/* Begin PBXNativeTarget section */
		841EEDD41E9513A200F5B529 /* SmogTracker */ = {
			isa = PBXNativeTarget;
			buildConfigurationList = 841EEDEC1E9513A200F5B529 /* Build configuration list for PBXNativeTarget "SmogTracker" */;
			buildPhases = (
				63C8CB7A82E4461E51E670A7 /* [CP] Check Pods Manifest.lock */,
				841EEDD11E9513A200F5B529 /* Sources */,
				841EEDD21E9513A200F5B529 /* Frameworks */,
				841EEDD31E9513A200F5B529 /* Resources */,
				22E8386975A8B466481E1946 /* [CP] Embed Pods Frameworks */,
				B06BD20769112811BD85A069 /* [CP] Copy Pods Resources */,
			);
			buildRules = (
			);
			dependencies = (
			);
			name = SmogTracker;
			productName = SmogTracker;
			productReference = 841EEDD51E9513A200F5B529 /* SmogTracker.app */;
			productType = "com.apple.product-type.application";
		};
/* End PBXNativeTarget section */

/* Begin PBXProject section */
		841EEDCD1E9513A200F5B529 /* Project object */ = {
			isa = PBXProject;
			attributes = {
				LastUpgradeCheck = 0830;
				ORGANIZATIONNAME = pawel.ferens;
				TargetAttributes = {
					841EEDD41E9513A200F5B529 = {
						CreatedOnToolsVersion = 8.3;
						ProvisioningStyle = Automatic;
					};
				};
			};
			buildConfigurationList = 841EEDD01E9513A200F5B529 /* Build configuration list for PBXProject "SmogTracker" */;
			compatibilityVersion = "Xcode 3.2";
			developmentRegion = English;
			hasScannedForEncodings = 0;
			knownRegions = (
				en,
				Base,
			);
			mainGroup = 841EEDCC1E9513A200F5B529;
			productRefGroup = 841EEDD61E9513A200F5B529 /* Products */;
			projectDirPath = "";
			projectRoot = "";
			targets = (
				841EEDD41E9513A200F5B529 /* SmogTracker */,
			);
		};
/* End PBXProject section */

/* Begin PBXResourcesBuildPhase section */
		841EEDD31E9513A200F5B529 /* Resources */ = {
			isa = PBXResourcesBuildPhase;
			buildActionMask = 2147483647;
			files = (
				841EEDE81E9513A200F5B529 /* LaunchScreen.storyboard in Resources */,
				841EEDE51E9513A200F5B529 /* Assets.xcassets in Resources */,
				841EEDE31E9513A200F5B529 /* Main.storyboard in Resources */,
			);
			runOnlyForDeploymentPostprocessing = 0;
		};
/* End PBXResourcesBuildPhase section */

/* Begin PBXShellScriptBuildPhase section */
		22E8386975A8B466481E1946 /* [CP] Embed Pods Frameworks */ = {
			isa = PBXShellScriptBuildPhase;
			buildActionMask = 2147483647;
			files = (
			);
			inputPaths = (
			);
			name = "[CP] Embed Pods Frameworks";
			outputPaths = (
			);
			runOnlyForDeploymentPostprocessing = 0;
			shellPath = /bin/sh;
			shellScript = "\"${SRCROOT}/Pods/Target Support Files/Pods-SmogTracker/Pods-SmogTracker-frameworks.sh\"\n";
			showEnvVarsInLog = 0;
		};
		63C8CB7A82E4461E51E670A7 /* [CP] Check Pods Manifest.lock */ = {
			isa = PBXShellScriptBuildPhase;
			buildActionMask = 2147483647;
			files = (
			);
			inputPaths = (
			);
			name = "[CP] Check Pods Manifest.lock";
			outputPaths = (
			);
			runOnlyForDeploymentPostprocessing = 0;
			shellPath = /bin/sh;
			shellScript = "diff \"${PODS_ROOT}/../Podfile.lock\" \"${PODS_ROOT}/Manifest.lock\" > /dev/null\nif [ $? != 0 ] ; then\n    # print error to STDERR\n    echo \"error: The sandbox is not in sync with the Podfile.lock. Run 'pod install' or update your CocoaPods installation.\" >&2\n    exit 1\nfi\n";
			showEnvVarsInLog = 0;
		};
		B06BD20769112811BD85A069 /* [CP] Copy Pods Resources */ = {
			isa = PBXShellScriptBuildPhase;
			buildActionMask = 2147483647;
			files = (
			);
			inputPaths = (
			);
			name = "[CP] Copy Pods Resources";
			outputPaths = (
			);
			runOnlyForDeploymentPostprocessing = 0;
			shellPath = /bin/sh;
			shellScript = "\"${SRCROOT}/Pods/Target Support Files/Pods-SmogTracker/Pods-SmogTracker-resources.sh\"\n";
			showEnvVarsInLog = 0;
		};
/* End PBXShellScriptBuildPhase section */

/* Begin PBXSourcesBuildPhase section */
		841EEDD11E9513A200F5B529 /* Sources */ = {
			isa = PBXSourcesBuildPhase;
			buildActionMask = 2147483647;
			files = (
				841EEDE01E9513A200F5B529 /* STMainScreenController.m in Sources */,
				841EEDDD1E9513A200F5B529 /* AppDelegate.m in Sources */,
				844798411E952BB700600208 /* STCityChooserViewController.m in Sources */,
				844798451E952D6A00600208 /* STCityChooserDataSource.m in Sources */,
				848B65F41E9516FC0066904A /* STConnectionManager.m in Sources */,
				844798381E9525F700600208 /* STStatistic.m in Sources */,
				8447983E1E952B4300600208 /* STCity.m in Sources */,
				841EEDDA1E9513A200F5B529 /* main.m in Sources */,
				8447983B1E95280100600208 /* STStation.m in Sources */,
			);
			runOnlyForDeploymentPostprocessing = 0;
		};
/* End PBXSourcesBuildPhase section */

/* Begin PBXVariantGroup section */
		841EEDE11E9513A200F5B529 /* Main.storyboard */ = {
			isa = PBXVariantGroup;
			children = (
				841EEDE21E9513A200F5B529 /* Base */,
			);
			name = Main.storyboard;
			sourceTree = "<group>";
		};
		841EEDE61E9513A200F5B529 /* LaunchScreen.storyboard */ = {
			isa = PBXVariantGroup;
			children = (
				841EEDE71E9513A200F5B529 /* Base */,
			);
			name = LaunchScreen.storyboard;
			sourceTree = "<group>";
		};
/* End PBXVariantGroup section */

/* Begin XCBuildConfiguration section */
		841EEDEA1E9513A200F5B529 /* Debug */ = {
			isa = XCBuildConfiguration;
			buildSettings = {
				ALWAYS_SEARCH_USER_PATHS = NO;
				CLANG_ANALYZER_NONNULL = YES;
				CLANG_ANALYZER_NUMBER_OBJECT_CONVERSION = YES_AGGRESSIVE;
				CLANG_CXX_LANGUAGE_STANDARD = "gnu++0x";
				CLANG_CXX_LIBRARY = "libc++";
				CLANG_ENABLE_MODULES = YES;
				CLANG_ENABLE_OBJC_ARC = YES;
				CLANG_WARN_BOOL_CONVERSION = YES;
				CLANG_WARN_CONSTANT_CONVERSION = YES;
				CLANG_WARN_DIRECT_OBJC_ISA_USAGE = YES_ERROR;
				CLANG_WARN_DOCUMENTATION_COMMENTS = YES;
				CLANG_WARN_EMPTY_BODY = YES;
				CLANG_WARN_ENUM_CONVERSION = YES;
				CLANG_WARN_INFINITE_RECURSION = YES;
				CLANG_WARN_INT_CONVERSION = YES;
				CLANG_WARN_OBJC_ROOT_CLASS = YES_ERROR;
				CLANG_WARN_SUSPICIOUS_MOVE = YES;
				CLANG_WARN_UNREACHABLE_CODE = YES;
				CLANG_WARN__DUPLICATE_METHOD_MATCH = YES;
				"CODE_SIGN_IDENTITY[sdk=iphoneos*]" = "iPhone Developer";
				COPY_PHASE_STRIP = NO;
				DEBUG_INFORMATION_FORMAT = dwarf;
				ENABLE_STRICT_OBJC_MSGSEND = YES;
				ENABLE_TESTABILITY = YES;
				GCC_C_LANGUAGE_STANDARD = gnu99;
				GCC_DYNAMIC_NO_PIC = NO;
				GCC_NO_COMMON_BLOCKS = YES;
				GCC_OPTIMIZATION_LEVEL = 0;
				GCC_PREPROCESSOR_DEFINITIONS = (
					"DEBUG=1",
					"$(inherited)",
				);
				GCC_WARN_64_TO_32_BIT_CONVERSION = YES;
				GCC_WARN_ABOUT_RETURN_TYPE = YES_ERROR;
				GCC_WARN_UNDECLARED_SELECTOR = YES;
				GCC_WARN_UNINITIALIZED_AUTOS = YES_AGGRESSIVE;
				GCC_WARN_UNUSED_FUNCTION = YES;
				GCC_WARN_UNUSED_VARIABLE = YES;
				IPHONEOS_DEPLOYMENT_TARGET = 10.3;
				MTL_ENABLE_DEBUG_INFO = YES;
				ONLY_ACTIVE_ARCH = YES;
				SDKROOT = iphoneos;
				TARGETED_DEVICE_FAMILY = "1,2";
			};
			name = Debug;
		};
		841EEDEB1E9513A200F5B529 /* Release */ = {
			isa = XCBuildConfiguration;
			buildSettings = {
				ALWAYS_SEARCH_USER_PATHS = NO;
				CLANG_ANALYZER_NONNULL = YES;
				CLANG_ANALYZER_NUMBER_OBJECT_CONVERSION = YES_AGGRESSIVE;
				CLANG_CXX_LANGUAGE_STANDARD = "gnu++0x";
				CLANG_CXX_LIBRARY = "libc++";
				CLANG_ENABLE_MODULES = YES;
				CLANG_ENABLE_OBJC_ARC = YES;
				CLANG_WARN_BOOL_CONVERSION = YES;
				CLANG_WARN_CONSTANT_CONVERSION = YES;
				CLANG_WARN_DIRECT_OBJC_ISA_USAGE = YES_ERROR;
				CLANG_WARN_DOCUMENTATION_COMMENTS = YES;
				CLANG_WARN_EMPTY_BODY = YES;
				CLANG_WARN_ENUM_CONVERSION = YES;
				CLANG_WARN_INFINITE_RECURSION = YES;
				CLANG_WARN_INT_CONVERSION = YES;
				CLANG_WARN_OBJC_ROOT_CLASS = YES_ERROR;
				CLANG_WARN_SUSPICIOUS_MOVE = YES;
				CLANG_WARN_UNREACHABLE_CODE = YES;
				CLANG_WARN__DUPLICATE_METHOD_MATCH = YES;
				"CODE_SIGN_IDENTITY[sdk=iphoneos*]" = "iPhone Developer";
				COPY_PHASE_STRIP = NO;
				DEBUG_INFORMATION_FORMAT = "dwarf-with-dsym";
				ENABLE_NS_ASSERTIONS = NO;
				ENABLE_STRICT_OBJC_MSGSEND = YES;
				GCC_C_LANGUAGE_STANDARD = gnu99;
				GCC_NO_COMMON_BLOCKS = YES;
				GCC_WARN_64_TO_32_BIT_CONVERSION = YES;
				GCC_WARN_ABOUT_RETURN_TYPE = YES_ERROR;
				GCC_WARN_UNDECLARED_SELECTOR = YES;
				GCC_WARN_UNINITIALIZED_AUTOS = YES_AGGRESSIVE;
				GCC_WARN_UNUSED_FUNCTION = YES;
				GCC_WARN_UNUSED_VARIABLE = YES;
				IPHONEOS_DEPLOYMENT_TARGET = 10.3;
				MTL_ENABLE_DEBUG_INFO = NO;
				SDKROOT = iphoneos;
				TARGETED_DEVICE_FAMILY = "1,2";
				VALIDATE_PRODUCT = YES;
			};
			name = Release;
		};
		841EEDED1E9513A200F5B529 /* Debug */ = {
			isa = XCBuildConfiguration;
			baseConfigurationReference = E231FAB3AC26FE11E26128DE /* Pods-SmogTracker.debug.xcconfig */;
			buildSettings = {
				ASSETCATALOG_COMPILER_APPICON_NAME = AppIcon;
				INFOPLIST_FILE = SmogTracker/Info.plist;
				LD_RUNPATH_SEARCH_PATHS = "$(inherited) @executable_path/Frameworks";
				PRODUCT_BUNDLE_IDENTIFIER = pawel.ferens.SmogTracker;
				PRODUCT_NAME = "$(TARGET_NAME)";
			};
			name = Debug;
		};
		841EEDEE1E9513A200F5B529 /* Release */ = {
			isa = XCBuildConfiguration;
			baseConfigurationReference = 6A67C7E3F4F7D4DD4C54D7B4 /* Pods-SmogTracker.release.xcconfig */;
			buildSettings = {
				ASSETCATALOG_COMPILER_APPICON_NAME = AppIcon;
				INFOPLIST_FILE = SmogTracker/Info.plist;
				LD_RUNPATH_SEARCH_PATHS = "$(inherited) @executable_path/Frameworks";
				PRODUCT_BUNDLE_IDENTIFIER = pawel.ferens.SmogTracker;
				PRODUCT_NAME = "$(TARGET_NAME)";
			};
			name = Release;
		};
/* End XCBuildConfiguration section */

/* Begin XCConfigurationList section */
		841EEDD01E9513A200F5B529 /* Build configuration list for PBXProject "SmogTracker" */ = {
			isa = XCConfigurationList;
			buildConfigurations = (
				841EEDEA1E9513A200F5B529 /* Debug */,
				841EEDEB1E9513A200F5B529 /* Release */,
			);
			defaultConfigurationIsVisible = 0;
			defaultConfigurationName = Release;
		};
		841EEDEC1E9513A200F5B529 /* Build configuration list for PBXNativeTarget "SmogTracker" */ = {
			isa = XCConfigurationList;
			buildConfigurations = (
				841EEDED1E9513A200F5B529 /* Debug */,
				841EEDEE1E9513A200F5B529 /* Release */,
			);
			defaultConfigurationIsVisible = 0;
			defaultConfigurationName = Release;
		};
/* End XCConfigurationList section */
	};
	rootObject = 841EEDCD1E9513A200F5B529 /* Project object */;
}
